
Microsoft Visual Studio Solution File, Format Version 12.00
# Visual Studio Version 16
VisualStudioVersion = 16.0.31911.196
MinimumVisualStudioVersion = 10.0.40219.1
Project("{FAE04EC0-301F-11D3-BF4B-00C04F79EFBC}") = "Lab7", "Lab7\Lab7.csproj", "{A1B76AF4-4181-488D-8913-A1D0A4FCA3E4}"
EndProject
Project("{FAE04EC0-301F-11D3-BF4B-00C04F79EFBC}") = "Lab7.2", "Lab7.2\Lab7.2.csproj", "{720E7F35-87C4-4491-9565-19499237255B}"
EndProject
Global
	GlobalSection(SolutionConfigurationPlatforms) = preSolution
		Debug|Any CPU = Debug|Any CPU
		Release|Any CPU = Release|Any CPU
	EndGlobalSection
	GlobalSection(ProjectConfigurationPlatforms) = postSolution
		{A1B76AF4-4181-488D-8913-A1D0A4FCA3E4}.Debug|Any CPU.ActiveCfg = Debug|Any CPU
		{A1B76AF4-4181-488D-8913-A1D0A4FCA3E4}.Debug|Any CPU.Build.0 = Debug|Any CPU
		{A1B76AF4-4181-488D-8913-A1D0A4FCA3E4}.Release|Any CPU.ActiveCfg = Release|Any CPU
		{A1B76AF4-4181-488D-8913-A1D0A4FCA3E4}.Release|Any CPU.Build.0 = Release|Any CPU
		{720E7F35-87C4-4491-9565-19499237255B}.Debug|Any CPU.ActiveCfg = Debug|Any CPU
		{720E7F35-87C4-4491-9565-19499237255B}.Debug|Any CPU.Build.0 = Debug|Any CPU
		{720E7F35-87C4-4491-9565-19499237255B}.Release|Any CPU.ActiveCfg = Release|Any CPU
		{720E7F35-87C4-4491-9565-19499237255B}.Release|Any CPU.Build.0 = Release|Any CPU
	EndGlobalSection
	GlobalSection(SolutionProperties) = preSolution
		HideSolutionNode = FALSE
	EndGlobalSection
	GlobalSection(ExtensibilityGlobals) = postSolution
		SolutionGuid = {FEE02E98-C4D0-4F31-A0F3-B4422326C364}
	EndGlobalSection
EndGlobal
